
Microsoft Visual Studio Solution File, Format Version 12.00
# Visual Studio Version 17
VisualStudioVersion = 17.11.35303.130
MinimumVisualStudioVersion = 10.0.40219.1
Project("{FAE04EC0-301F-11D3-BF4B-00C04F79EFBC}") = "MvcPortfolioProject", "MvcPortfolioProject\MvcPortfolioProject.csproj", "{E090B107-28C2-4E2E-8ED1-D530F95E2DF8}"
EndProject
Global
	GlobalSection(SolutionConfigurationPlatforms) = preSolution
		Debug|Any CPU = Debug|Any CPU
		Release|Any CPU = Release|Any CPU
	EndGlobalSection
	GlobalSection(ProjectConfigurationPlatforms) = postSolution
		{E090B107-28C2-4E2E-8ED1-D530F95E2DF8}.Debug|Any CPU.ActiveCfg = Debug|Any CPU
		{E090B107-28C2-4E2E-8ED1-D530F95E2DF8}.Debug|Any CPU.Build.0 = Debug|Any CPU
		{E090B107-28C2-4E2E-8ED1-D530F95E2DF8}.Release|Any CPU.ActiveCfg = Release|Any CPU
		{E090B107-28C2-4E2E-8ED1-D530F95E2DF8}.Release|Any CPU.Build.0 = Release|Any CPU
	EndGlobalSection
	GlobalSection(SolutionProperties) = preSolution
		HideSolutionNode = FALSE
	EndGlobalSection
	GlobalSection(ExtensibilityGlobals) = postSolution
		SolutionGuid = {C9370CD9-A62D-46CB-94E4-99EAA5543F8C}
	EndGlobalSection
EndGlobal
